// !$*UTF8*$!
{
	archiveVersion = 1;
	classes = {
	};
	objectVersion = 50;
	objects = {

/* Begin PBXBuildFile section */
		D27D78FE24508E1800149158 /* AppDelegate.swift in Sources */ = {isa = PBXBuildFile; fileRef = D27D78FD24508E1800149158 /* AppDelegate.swift */; };
		D27D790024508E1800149158 /* SceneDelegate.swift in Sources */ = {isa = PBXBuildFile; fileRef = D27D78FF24508E1800149158 /* SceneDelegate.swift */; };
		D27D790224508E1800149158 /* ViewController.swift in Sources */ = {isa = PBXBuildFile; fileRef = D27D790124508E1800149158 /* ViewController.swift */; };
		D27D790524508E1800149158 /* Main.storyboard in Resources */ = {isa = PBXBuildFile; fileRef = D27D790324508E1800149158 /* Main.storyboard */; };
		D27D790724508E1900149158 /* Assets.xcassets in Resources */ = {isa = PBXBuildFile; fileRef = D27D790624508E1900149158 /* Assets.xcassets */; };
		D27D790A24508E1900149158 /* LaunchScreen.storyboard in Resources */ = {isa = PBXBuildFile; fileRef = D27D790824508E1900149158 /* LaunchScreen.storyboard */; };
		D27D791224508E3700149158 /* coche.swift in Sources */ = {isa = PBXBuildFile; fileRef = D27D791124508E3700149158 /* coche.swift */; };
/* End PBXBuildFile section */

/* Begin PBXFileReference section */
		D27D78FA24508E1800149158 /* appCoche.app */ = {isa = PBXFileReference; explicitFileType = wrapper.application; includeInIndex = 0; path = appCoche.app; sourceTree = BUILT_PRODUCTS_DIR; };
		D27D78FD24508E1800149158 /* AppDelegate.swift */ = {isa = PBXFileReference; lastKnownFileType = sourcecode.swift; path = AppDelegate.swift; sourceTree = "<group>"; };
		D27D78FF24508E1800149158 /* SceneDelegate.swift */ = {isa = PBXFileReference; lastKnownFileType = sourcecode.swift; path = SceneDelegate.swift; sourceTree = "<group>"; };
		D27D790124508E1800149158 /* ViewController.swift */ = {isa = PBXFileReference; lastKnownFileType = sourcecode.swift; path = ViewController.swift; sourceTree = "<group>"; };
		D27D790424508E1800149158 /* Base */ = {isa = PBXFileReference; lastKnownFileType = file.storyboard; name = Base; path = Base.lproj/Main.storyboard; sourceTree = "<group>"; };
		D27D790624508E1900149158 /* Assets.xcassets */ = {isa = PBXFileReference; lastKnownFileType = folder.assetcatalog; path = Assets.xcassets; sourceTree = "<group>"; };
		D27D790924508E1900149158 /* Base */ = {isa = PBXFileReference; lastKnownFileType = file.storyboard; name = Base; path = Base.lproj/LaunchScreen.storyboard; sourceTree = "<group>"; };
		D27D790B24508E1900149158 /* Info.plist */ = {isa = PBXFileReference; lastKnownFileType = text.plist.xml; path = Info.plist; sourceTree = "<group>"; };
		D27D791124508E3700149158 /* coche.swift */ = {isa = PBXFileReference; lastKnownFileType = sourcecode.swift; path = coche.swift; sourceTree = "<group>"; };
/* End PBXFileReference section */

/* Begin PBXFrameworksBuildPhase section */
		D27D78F724508E1800149158 /* Frameworks */ = {
			isa = PBXFrameworksBuildPhase;
			buildActionMask = 2147483647;
			files = (
			);
			runOnlyForDeploymentPostprocessing = 0;
		};
/* End PBXFrameworksBuildPhase section */

/* Begin PBXGroup section */
		D27D78F124508E1800149158 = {
			isa = PBXGroup;
			children = (
				D27D78FC24508E1800149158 /* appCoche */,
				D27D78FB24508E1800149158 /* Products */,
			);
			sourceTree = "<group>";
		};
		D27D78FB24508E1800149158 /* Products */ = {
			isa = PBXGroup;
			children = (
				D27D78FA24508E1800149158 /* appCoche.app */,
			);
			name = Products;
			sourceTree = "<group>";
		};
		D27D78FC24508E1800149158 /* appCoche */ = {
			isa = PBXGroup;
			children = (
				D27D78FD24508E1800149158 /* AppDelegate.swift */,
				D27D78FF24508E1800149158 /* SceneDelegate.swift */,
				D27D790124508E1800149158 /* ViewController.swift */,
				D27D791124508E3700149158 /* coche.swift */,
				D27D790324508E1800149158 /* Main.storyboard */,
				D27D790624508E1900149158 /* Assets.xcassets */,
				D27D790824508E1900149158 /* LaunchScreen.storyboard */,
				D27D790B24508E1900149158 /* Info.plist */,
			);
			path = appCoche;
			sourceTree = "<group>";
		};
/* End PBXGroup section */

/* Begin PBXNativeTarget section */
		D27D78F924508E1800149158 /* appCoche */ = {
			isa = PBXNativeTarget;
			buildConfigurationList = D27D790E24508E1900149158 /* Build configuration list for PBXNativeTarget "appCoche" */;
			buildPhases = (
				D27D78F624508E1800149158 /* Sources */,
				D27D78F724508E1800149158 /* Frameworks */,
				D27D78F824508E1800149158 /* Resources */,
			);
			buildRules = (
			);
			dependencies = (
			);
			name = appCoche;
			productName = appCoche;
			productReference = D27D78FA24508E1800149158 /* appCoche.app */;
			productType = "com.apple.product-type.application";
		};
/* End PBXNativeTarget section */

/* Begin PBXProject section */
		D27D78F224508E1800149158 /* Project object */ = {
			isa = PBXProject;
			attributes = {
				LastSwiftUpdateCheck = 1140;
				LastUpgradeCheck = 1140;
				ORGANIZATIONNAME = "Joaquín Collazo Ruiz";
				TargetAttributes = {
					D27D78F924508E1800149158 = {
						CreatedOnToolsVersion = 11.4.1;
					};
				};
			};
			buildConfigurationList = D27D78F524508E1800149158 /* Build configuration list for PBXProject "appCoche" */;
			compatibilityVersion = "Xcode 9.3";
			developmentRegion = en;
			hasScannedForEncodings = 0;
			knownRegions = (
				en,
				Base,
			);
			mainGroup = D27D78F124508E1800149158;
			productRefGroup = D27D78FB24508E1800149158 /* Products */;
			projectDirPath = "";
			projectRoot = "";
			targets = (
				D27D78F924508E1800149158 /* appCoche */,
			);
		};
/* End PBXProject section */

/* Begin PBXResourcesBuildPhase section */
		D27D78F824508E1800149158 /* Resources */ = {
			isa = PBXResourcesBuildPhase;
			buildActionMask = 2147483647;
			files = (
				D27D790A24508E1900149158 /* LaunchScreen.storyboard in Resources */,
				D27D790724508E1900149158 /* Assets.xcassets in Resources */,
				D27D790524508E1800149158 /* Main.storyboard in Resources */,
			);
			runOnlyForDeploymentPostprocessing = 0;
		};
/* End PBXResourcesBuildPhase section */

/* Begin PBXSourcesBuildPhase section */
		D27D78F624508E1800149158 /* Sources */ = {
			isa = PBXSourcesBuildPhase;
			buildActionMask = 2147483647;
			files = (
				D27D791224508E3700149158 /* coche.swift in Sources */,
				D27D790224508E1800149158 /* ViewController.swift in Sources */,
				D27D78FE24508E1800149158 /* AppDelegate.swift in Sources */,
				D27D790024508E1800149158 /* SceneDelegate.swift in Sources */,
			);
			runOnlyForDeploymentPostprocessing = 0;
		};
/* End PBXSourcesBuildPhase section */

/* Begin PBXVariantGroup section */
		D27D790324508E1800149158 /* Main.storyboard */ = {
			isa = PBXVariantGroup;
			children = (
				D27D790424508E1800149158 /* Base */,
			);
			name = Main.storyboard;
			sourceTree = "<group>";
		};
		D27D790824508E1900149158 /* LaunchScreen.storyboard */ = {
			isa = PBXVariantGroup;
			children = (
				D27D790924508E1900149158 /* Base */,
			);
			name = LaunchScreen.storyboard;
			sourceTree = "<group>";
		};
/* End PBXVariantGroup section */

/* Begin XCBuildConfiguration section */
		D27D790C24508E1900149158 /* Debug */ = {
			isa = XCBuildConfiguration;
			buildSettings = {
				ALWAYS_SEARCH_USER_PATHS = NO;
				CLANG_ANALYZER_NONNULL = YES;
				CLANG_ANALYZER_NUMBER_OBJECT_CONVERSION = YES_AGGRESSIVE;
				CLANG_CXX_LANGUAGE_STANDARD = "gnu++14";
				CLANG_CXX_LIBRARY = "libc++";
				CLANG_ENABLE_MODULES = YES;
				CLANG_ENABLE_OBJC_ARC = YES;
				CLANG_ENABLE_OBJC_WEAK = YES;
				CLANG_WARN_BLOCK_CAPTURE_AUTORELEASING = YES;
				CLANG_WARN_BOOL_CONVERSION = YES;
				CLANG_WARN_COMMA = YES;
				CLANG_WARN_CONSTANT_CONVERSION = YES;
				CLANG_WARN_DEPRECATED_OBJC_IMPLEMENTATIONS = YES;
				CLANG_WARN_DIRECT_OBJC_ISA_USAGE = YES_ERROR;
				CLANG_WARN_DOCUMENTATION_COMMENTS = YES;
				CLANG_WARN_EMPTY_BODY = YES;
				CLANG_WARN_ENUM_CONVERSION = YES;
				CLANG_WARN_INFINITE_RECURSION = YES;
				CLANG_WARN_INT_CONVERSION = YES;
				CLANG_WARN_NON_LITERAL_NULL_CONVERSION = YES;
				CLANG_WARN_OBJC_IMPLICIT_RETAIN_SELF = YES;
				CLANG_WARN_OBJC_LITERAL_CONVERSION = YES;
				CLANG_WARN_OBJC_ROOT_CLASS = YES_ERROR;
				CLANG_WARN_RANGE_LOOP_ANALYSIS = YES;
				CLANG_WARN_STRICT_PROTOTYPES = YES;
				CLANG_WARN_SUSPICIOUS_MOVE = YES;
				CLANG_WARN_UNGUARDED_AVAILABILITY = YES_AGGRESSIVE;
				CLANG_WARN_UNREACHABLE_CODE = YES;
				CLANG_WARN__DUPLICATE_METHOD_MATCH = YES;
				COPY_PHASE_STRIP = NO;
				DEBUG_INFORMATION_FORMAT = dwarf;
				ENABLE_STRICT_OBJC_MSGSEND = YES;
				ENABLE_TESTABILITY = YES;
				GCC_C_LANGUAGE_STANDARD = gnu11;
				GCC_DYNAMIC_NO_PIC = NO;
				GCC_NO_COMMON_BLOCKS = YES;
				GCC_OPTIMIZATION_LEVEL = 0;
				GCC_PREPROCESSOR_DEFINITIONS = (
					"DEBUG=1",
					"$(inherited)",
				);
				GCC_WARN_64_TO_32_BIT_CONVERSION = YES;
				GCC_WARN_ABOUT_RETURN_TYPE = YES_ERROR;
				GCC_WARN_UNDECLARED_SELECTOR = YES;
				GCC_WARN_UNINITIALIZED_AUTOS = YES_AGGRESSIVE;
				GCC_WARN_UNUSED_FUNCTION = YES;
				GCC_WARN_UNUSED_VARIABLE = YES;
				IPHONEOS_DEPLOYMENT_TARGET = 13.4;
				MTL_ENABLE_DEBUG_INFO = INCLUDE_SOURCE;
				MTL_FAST_MATH = YES;
				ONLY_ACTIVE_ARCH = YES;
				SDKROOT = iphoneos;
				SWIFT_ACTIVE_COMPILATION_CONDITIONS = DEBUG;
				SWIFT_OPTIMIZATION_LEVEL = "-Onone";
			};
			name = Debug;
		};
		D27D790D24508E1900149158 /* Release */ = {
			isa = XCBuildConfiguration;
			buildSettings = {
				ALWAYS_SEARCH_USER_PATHS = NO;
				CLANG_ANALYZER_NONNULL = YES;
				CLANG_ANALYZER_NUMBER_OBJECT_CONVERSION = YES_AGGRESSIVE;
				CLANG_CXX_LANGUAGE_STANDARD = "gnu++14";
				CLANG_CXX_LIBRARY = "libc++";
				CLANG_ENABLE_MODULES = YES;
				CLANG_ENABLE_OBJC_ARC = YES;
				CLANG_ENABLE_OBJC_WEAK = YES;
				CLANG_WARN_BLOCK_CAPTURE_AUTORELEASING = YES;
				CLANG_WARN_BOOL_CONVERSION = YES;
				CLANG_WARN_COMMA = YES;
				CLANG_WARN_CONSTANT_CONVERSION = YES;
				CLANG_WARN_DEPRECATED_OBJC_IMPLEMENTATIONS = YES;
				CLANG_WARN_DIRECT_OBJC_ISA_USAGE = YES_ERROR;
				CLANG_WARN_DOCUMENTATION_COMMENTS = YES;
				CLANG_WARN_EMPTY_BODY = YES;
				CLANG_WARN_ENUM_CONVERSION = YES;
				CLANG_WARN_INFINITE_RECURSION = YES;
				CLANG_WARN_INT_CONVERSION = YES;
				CLANG_WARN_NON_LITERAL_NULL_CONVERSION = YES;
				CLANG_WARN_OBJC_IMPLICIT_RETAIN_SELF = YES;
				CLANG_WARN_OBJC_LITERAL_CONVERSION = YES;
				CLANG_WARN_OBJC_ROOT_CLASS = YES_ERROR;
				CLANG_WARN_RANGE_LOOP_ANALYSIS = YES;
				CLANG_WARN_STRICT_PROTOTYPES = YES;
				CLANG_WARN_SUSPICIOUS_MOVE = YES;
				CLANG_WARN_UNGUARDED_AVAILABILITY = YES_AGGRESSIVE;
				CLANG_WARN_UNREACHABLE_CODE = YES;
				CLANG_WARN__DUPLICATE_METHOD_MATCH = YES;
				COPY_PHASE_STRIP = NO;
				DEBUG_INFORMATION_FORMAT = "dwarf-with-dsym";
				ENABLE_NS_ASSERTIONS = NO;
				ENABLE_STRICT_OBJC_MSGSEND = YES;
				GCC_C_LANGUAGE_STANDARD = gnu11;
				GCC_NO_COMMON_BLOCKS = YES;
				GCC_WARN_64_TO_32_BIT_CONVERSION = YES;
				GCC_WARN_ABOUT_RETURN_TYPE = YES_ERROR;
				GCC_WARN_UNDECLARED_SELECTOR = YES;
				GCC_WARN_UNINITIALIZED_AUTOS = YES_AGGRESSIVE;
				GCC_WARN_UNUSED_FUNCTION = YES;
				GCC_WARN_UNUSED_VARIABLE = YES;
				IPHONEOS_DEPLOYMENT_TARGET = 13.4;
				MTL_ENABLE_DEBUG_INFO = NO;
				MTL_FAST_MATH = YES;
				SDKROOT = iphoneos;
				SWIFT_COMPILATION_MODE = wholemodule;
				SWIFT_OPTIMIZATION_LEVEL = "-O";
				VALIDATE_PRODUCT = YES;
			};
			name = Release;
		};
		D27D790F24508E1900149158 /* Debug */ = {
			isa = XCBuildConfiguration;
			buildSettings = {
				ASSETCATALOG_COMPILER_APPICON_NAME = AppIcon;
				CODE_SIGN_STYLE = Automatic;
				DEVELOPMENT_TEAM = M6UL89LB74;
				INFOPLIST_FILE = appCoche/Info.plist;
				LD_RUNPATH_SEARCH_PATHS = (
					"$(inherited)",
					"@executable_path/Frameworks",
				);
				PRODUCT_BUNDLE_IDENTIFIER = joaquincollazoruiz.appCoche;
				PRODUCT_NAME = "$(TARGET_NAME)";
				SWIFT_VERSION = 5.0;
				TARGETED_DEVICE_FAMILY = "1,2";
			};
			name = Debug;
		};
		D27D791024508E1900149158 /* Release */ = {
			isa = XCBuildConfiguration;
			buildSettings = {
				ASSETCATALOG_COMPILER_APPICON_NAME = AppIcon;
				CODE_SIGN_STYLE = Automatic;
				DEVELOPMENT_TEAM = M6UL89LB74;
				INFOPLIST_FILE = appCoche/Info.plist;
				LD_RUNPATH_SEARCH_PATHS = (
					"$(inherited)",
					"@executable_path/Frameworks",
				);
				PRODUCT_BUNDLE_IDENTIFIER = joaquincollazoruiz.appCoche;
				PRODUCT_NAME = "$(TARGET_NAME)";
				SWIFT_VERSION = 5.0;
				TARGETED_DEVICE_FAMILY = "1,2";
			};
			name = Release;
		};
/* End XCBuildConfiguration section */

/* Begin XCConfigurationList section */
		D27D78F524508E1800149158 /* Build configuration list for PBXProject "appCoche" */ = {
			isa = XCConfigurationList;
			buildConfigurations = (
				D27D790C24508E1900149158 /* Debug */,
				D27D790D24508E1900149158 /* Release */,
			);
			defaultConfigurationIsVisible = 0;
			defaultConfigurationName = Release;
		};
		D27D790E24508E1900149158 /* Build configuration list for PBXNativeTarget "appCoche" */ = {
			isa = XCConfigurationList;
			buildConfigurations = (
				D27D790F24508E1900149158 /* Debug */,
				D27D791024508E1900149158 /* Release */,
			);
			defaultConfigurationIsVisible = 0;
			defaultConfigurationName = Release;
		};
/* End XCConfigurationList section */
	};
	rootObject = D27D78F224508E1800149158 /* Project object */;
}
